
Microsoft Visual Studio Solution File, Format Version 12.00
# Visual Studio Version 16
VisualStudioVersion = 16.0.33920.266
MinimumVisualStudioVersion = 10.0.40219.1
Project("{FAE04EC0-301F-11D3-BF4B-00C04F79EFBC}") = "Well_Health_Gym_Application", "Well_Health_Gym_Application\Well_Health_Gym_Application.csproj", "{A2560912-15C9-473F-A898-458D71433778}"
EndProject
Global
	GlobalSection(SolutionConfigurationPlatforms) = preSolution
		Debug|Any CPU = Debug|Any CPU
		Release|Any CPU = Release|Any CPU
	EndGlobalSection
	GlobalSection(ProjectConfigurationPlatforms) = postSolution
		{A2560912-15C9-473F-A898-458D71433778}.Debug|Any CPU.ActiveCfg = Debug|Any CPU
		{A2560912-15C9-473F-A898-458D71433778}.Debug|Any CPU.Build.0 = Debug|Any CPU
		{A2560912-15C9-473F-A898-458D71433778}.Release|Any CPU.ActiveCfg = Release|Any CPU
		{A2560912-15C9-473F-A898-458D71433778}.Release|Any CPU.Build.0 = Release|Any CPU
	EndGlobalSection
	GlobalSection(SolutionProperties) = preSolution
		HideSolutionNode = FALSE
	EndGlobalSection
	GlobalSection(ExtensibilityGlobals) = postSolution
		SolutionGuid = {47402D54-F375-41DA-AF57-02E0257FBD44}
	EndGlobalSection
EndGlobal
